schema: '2.0'
stages:
  data_processing:
    cmd: python src/data.py
    params:
      params.yaml:
        data.random_state: 42
        data.test_size: 0.3
    outs:
    - path: data/X_test.npy
      hash: md5
      md5: 8f5d63300fc3a853c505e47d6774d7f0
      size: 1568
    - path: data/X_train.npy
      hash: md5
      md5: bf85d4dcbad859cd8fbdd5d581cd4b57
      size: 3488
    - path: data/metadata.json
      hash: md5
      md5: 2c4760c62a271843261f86d687d3c60f
      size: 282
    - path: data/scaler.pkl
      hash: md5
      md5: da83baf2845a5d4570f1c52597709fbc
      size: 711
    - path: data/y_test.npy
      hash: md5
      md5: 9c8ceccd60433bb524c0b8ed87eacc66
      size: 308
    - path: data/y_train.npy
      hash: md5
      md5: 31f6d93e1438ce73b175841a9e607efe
      size: 548
  train:
    cmd: python src/train.py
    deps:
    - path: data/X_train.npy
      hash: md5
      md5: bf85d4dcbad859cd8fbdd5d581cd4b57
      size: 3488
    - path: data/y_train.npy
      hash: md5
      md5: 31f6d93e1438ce73b175841a9e607efe
      size: 548
    - path: src/train.py
      hash: md5
      md5: a44ec0ea401b2abd54e874118759c309
      size: 3736
    params:
      params.yaml:
        model:
          type: random_forest
          n_estimators: 125
          max_depth: 12
          random_state: 42
    outs:
    - path: models/model.pkl
      hash: md5
      md5: 366671bf7ae7f5dc5ddc03fe8c79faca
      size: 193297
    - path: models/model_metadata.json
      hash: md5
      md5: 8d60c73a0f60e997b862e2235d996669
      size: 212
  evaluate:
    cmd: python src/evaluate.py
    deps:
    - path: data/X_test.npy
      hash: md5
      md5: 8f5d63300fc3a853c505e47d6774d7f0
      size: 1568
    - path: data/y_test.npy
      hash: md5
      md5: 9c8ceccd60433bb524c0b8ed87eacc66
      size: 308
    - path: models/model.pkl
      hash: md5
      md5: 366671bf7ae7f5dc5ddc03fe8c79faca
      size: 193297
    - path: src/evaluate.py
      hash: md5
      md5: a68a26551854710940f47fe5274ac79a
      size: 5572
    outs:
    - path: metrics.json
      hash: md5
      md5: 39f0303d2ede50937a9737763f016260
      size: 203
    - path: metrics/detailed_metrics.json
      hash: md5
      md5: b3de911c517186d214bbf590b99bf7b9
      size: 1587
