schema: '2.0'
stages:
  data_processing:
    cmd: python src/data.py
    params:
      params.yaml:
        data.random_state: 42
        data.test_size: 0.2
    outs:
    - path: data/X_test.npy
      hash: md5
      md5: 8ccd718861a6010905f00c44ee92ee5a
      size: 1088
    - path: data/X_train.npy
      hash: md5
      md5: bd3c8ca755a6dff9b2605298a5a93822
      size: 3968
    - path: data/metadata.json
      hash: md5
      md5: c89502dbf454cb35fdd8ca1ecdb30d14
      size: 282
    - path: data/scaler.pkl
      hash: md5
      md5: de3afec9b9fb5e125863bc503d91ccdb
      size: 711
    - path: data/y_test.npy
      hash: md5
      md5: 9ac875a5e94e50bd8aea1513d2851d00
      size: 248
    - path: data/y_train.npy
      hash: md5
      md5: d7b76fd17225433e09cf3ede4989e355
      size: 608
  train:
    cmd: python src/train.py
    deps:
    - path: data/X_train.npy
      hash: md5
      md5: bd3c8ca755a6dff9b2605298a5a93822
      size: 3968
    - path: data/y_train.npy
      hash: md5
      md5: d7b76fd17225433e09cf3ede4989e355
      size: 608
    - path: src/train.py
      hash: md5
      md5: a44ec0ea401b2abd54e874118759c309
      size: 3736
    params:
      params.yaml:
        model:
          type: random_forest
          n_estimators: 100
          max_depth: 10
          random_state: 42
    outs:
    - path: models/model.pkl
      hash: md5
      md5: 79cd909df89fcc67f29449645664cb89
      size: 167697
    - path: models/model_metadata.json
      hash: md5
      md5: 272206d9fc0880b74c30a6fda72ee45e
      size: 212
  evaluate:
    cmd: python src/evaluate.py
    deps:
    - path: data/X_test.npy
      hash: md5
      md5: 8ccd718861a6010905f00c44ee92ee5a
      size: 1088
    - path: data/y_test.npy
      hash: md5
      md5: 9ac875a5e94e50bd8aea1513d2851d00
      size: 248
    - path: models/model.pkl
      hash: md5
      md5: 79cd909df89fcc67f29449645664cb89
      size: 167697
    - path: src/evaluate.py
      hash: md5
      md5: a68a26551854710940f47fe5274ac79a
      size: 5572
    outs:
    - path: metrics.json
      hash: md5
      md5: 92372601b6350213f7d8ce27c7841042
      size: 173
    - path: metrics/detailed_metrics.json
      hash: md5
      md5: d2e648a06b9e417d83bf2acd61452ab1
      size: 1435
